/system/locale/region

/org/gnome/nautilus/preferences/sort-directories-first
/org/gnome/nautilus/preferences/executable-text-activation
/org/gnome/nautilus/preferences/click-policy

/org/gnome/desktop/interface/enable-animations
/org/gnome/desktop/interface/clock-show-date

/org/gnome/desktop/input-sources/sources

/org/gnome/desktop/wm/preferences/num-workspaces
/org/gnome/shell/overrides/dynamic-workspaces

/org/gnome/shell/calendar/show-weekdate

/org/gnome/shell/enabled-extensions
/org/gnome/shell/favorite-apps

/org/gnome/software/download-updates
